Microsoft Visual Studio Solution File, Format Version 12.00
# Visual Studio Version 17
VisualStudioVersion = 17.5.2.0
MinimumVisualStudioVersion = 10.0.40219.1
Project("{FAE04EC0-301F-11D3-BF4B-00C04F79EFBC}") = "BoltWebAPI", "BoltWebAPI.csproj", "{C869B746-651F-937F-A941-6F860BA76B75}"
EndProject
Global
	GlobalSection(SolutionConfigurationPlatforms) = preSolution
		Debug|Any CPU = Debug|Any CPU
		Release|Any CPU = Release|Any CPU
	EndGlobalSection
	GlobalSection(ProjectConfigurationPlatforms) = postSolution
		{C869B746-651F-937F-A941-6F860BA76B75}.Debug|Any CPU.ActiveCfg = Debug|Any CPU
		{C869B746-651F-937F-A941-6F860BA76B75}.Debug|Any CPU.Build.0 = Debug|Any CPU
		{C869B746-651F-937F-A941-6F860BA76B75}.Release|Any CPU.ActiveCfg = Release|Any CPU
		{C869B746-651F-937F-A941-6F860BA76B75}.Release|Any CPU.Build.0 = Release|Any CPU
	EndGlobalSection
	GlobalSection(SolutionProperties) = preSolution
		HideSolutionNode = FALSE
	EndGlobalSection
	GlobalSection(ExtensibilityGlobals) = postSolution
		SolutionGuid = {B973EA0B-28B5-49A0-9627-986ABE7C2BC0}
	EndGlobalSection
EndGlobal
